
Microsoft Visual Studio Solution File, Format Version 12.00
# Visual Studio Version 16
VisualStudioVersion = 16.0.30114.105
MinimumVisualStudioVersion = 10.0.40219.1
Project("{FAE04EC0-301F-11D3-BF4B-00C04F79EFBC}") = "WorkItems", "WorkItems\WorkItems.csproj", "{3FB36010-2146-40C8-897F-2C11B3C8167E}"
EndProject
Project("{FAE04EC0-301F-11D3-BF4B-00C04F79EFBC}") = "Builds", "Builds\Builds.csproj", "{98BC2D4B-9775-4026-842D-C86FCE2CBA89}"
EndProject
Project("{FAE04EC0-301F-11D3-BF4B-00C04F79EFBC}") = "Dashboards", "Dashboards\Dashboards.csproj", "{97544C7C-9887-49A9-9EE1-863F4E5B38D0}"
EndProject
Project("{FAE04EC0-301F-11D3-BF4B-00C04F79EFBC}") = "Projects", "Projects\Projects.csproj", "{A8006402-8A6D-4285-B8DB-9CD43CBA74CD}"
EndProject
Project("{FAE04EC0-301F-11D3-BF4B-00C04F79EFBC}") = "Repos", "Repos\Repos.csproj", "{40F50A80-E1B5-4320-9207-4C6CB123C98E}"
EndProject
Project("{FAE04EC0-301F-11D3-BF4B-00C04F79EFBC}") = "Git", "Git\Git.csproj", "{E8189A49-0A27-4377-9AC2-98E9ECD365A2}"
EndProject
Project("{FAE04EC0-301F-11D3-BF4B-00C04F79EFBC}") = "Releases", "Releases\Releases.csproj", "{6F86F507-02FC-4331-BFBF-B1D4E14F56EA}"
EndProject
Project("{FAE04EC0-301F-11D3-BF4B-00C04F79EFBC}") = "TaskAgent", "TaskAgent\TaskAgent.csproj", "{AA94C528-37B1-44A1-BCDE-63246C67DA76}"
EndProject
Project("{FAE04EC0-301F-11D3-BF4B-00C04F79EFBC}") = "BackgroundJobs", "BackgroundJobs\BackgroundJobs.csproj", "{E461C56D-066F-44CA-8A44-D1D55550C5E5}"
EndProject
Global
	GlobalSection(SolutionConfigurationPlatforms) = preSolution
		Debug|Any CPU = Debug|Any CPU
		Release|Any CPU = Release|Any CPU
	EndGlobalSection
	GlobalSection(ProjectConfigurationPlatforms) = postSolution
		{3FB36010-2146-40C8-897F-2C11B3C8167E}.Debug|Any CPU.ActiveCfg = Debug|Any CPU
		{3FB36010-2146-40C8-897F-2C11B3C8167E}.Debug|Any CPU.Build.0 = Debug|Any CPU
		{3FB36010-2146-40C8-897F-2C11B3C8167E}.Release|Any CPU.ActiveCfg = Release|Any CPU
		{3FB36010-2146-40C8-897F-2C11B3C8167E}.Release|Any CPU.Build.0 = Release|Any CPU
		{98BC2D4B-9775-4026-842D-C86FCE2CBA89}.Debug|Any CPU.ActiveCfg = Debug|Any CPU
		{98BC2D4B-9775-4026-842D-C86FCE2CBA89}.Debug|Any CPU.Build.0 = Debug|Any CPU
		{98BC2D4B-9775-4026-842D-C86FCE2CBA89}.Release|Any CPU.ActiveCfg = Release|Any CPU
		{98BC2D4B-9775-4026-842D-C86FCE2CBA89}.Release|Any CPU.Build.0 = Release|Any CPU
		{97544C7C-9887-49A9-9EE1-863F4E5B38D0}.Debug|Any CPU.ActiveCfg = Debug|Any CPU
		{97544C7C-9887-49A9-9EE1-863F4E5B38D0}.Debug|Any CPU.Build.0 = Debug|Any CPU
		{97544C7C-9887-49A9-9EE1-863F4E5B38D0}.Release|Any CPU.ActiveCfg = Release|Any CPU
		{97544C7C-9887-49A9-9EE1-863F4E5B38D0}.Release|Any CPU.Build.0 = Release|Any CPU
		{A8006402-8A6D-4285-B8DB-9CD43CBA74CD}.Debug|Any CPU.ActiveCfg = Debug|Any CPU
		{A8006402-8A6D-4285-B8DB-9CD43CBA74CD}.Debug|Any CPU.Build.0 = Debug|Any CPU
		{A8006402-8A6D-4285-B8DB-9CD43CBA74CD}.Release|Any CPU.ActiveCfg = Release|Any CPU
		{A8006402-8A6D-4285-B8DB-9CD43CBA74CD}.Release|Any CPU.Build.0 = Release|Any CPU
		{40F50A80-E1B5-4320-9207-4C6CB123C98E}.Debug|Any CPU.ActiveCfg = Debug|Any CPU
		{40F50A80-E1B5-4320-9207-4C6CB123C98E}.Debug|Any CPU.Build.0 = Debug|Any CPU
		{40F50A80-E1B5-4320-9207-4C6CB123C98E}.Release|Any CPU.ActiveCfg = Release|Any CPU
		{40F50A80-E1B5-4320-9207-4C6CB123C98E}.Release|Any CPU.Build.0 = Release|Any CPU
		{E8189A49-0A27-4377-9AC2-98E9ECD365A2}.Debug|Any CPU.ActiveCfg = Debug|Any CPU
		{E8189A49-0A27-4377-9AC2-98E9ECD365A2}.Debug|Any CPU.Build.0 = Debug|Any CPU
		{E8189A49-0A27-4377-9AC2-98E9ECD365A2}.Release|Any CPU.ActiveCfg = Release|Any CPU
		{E8189A49-0A27-4377-9AC2-98E9ECD365A2}.Release|Any CPU.Build.0 = Release|Any CPU
		{6F86F507-02FC-4331-BFBF-B1D4E14F56EA}.Debug|Any CPU.ActiveCfg = Debug|Any CPU
		{6F86F507-02FC-4331-BFBF-B1D4E14F56EA}.Debug|Any CPU.Build.0 = Debug|Any CPU
		{6F86F507-02FC-4331-BFBF-B1D4E14F56EA}.Release|Any CPU.ActiveCfg = Release|Any CPU
		{6F86F507-02FC-4331-BFBF-B1D4E14F56EA}.Release|Any CPU.Build.0 = Release|Any CPU
		{AA94C528-37B1-44A1-BCDE-63246C67DA76}.Debug|Any CPU.ActiveCfg = Debug|Any CPU
		{AA94C528-37B1-44A1-BCDE-63246C67DA76}.Debug|Any CPU.Build.0 = Debug|Any CPU
		{AA94C528-37B1-44A1-BCDE-63246C67DA76}.Release|Any CPU.ActiveCfg = Release|Any CPU
		{AA94C528-37B1-44A1-BCDE-63246C67DA76}.Release|Any CPU.Build.0 = Release|Any CPU
		{E461C56D-066F-44CA-8A44-D1D55550C5E5}.Debug|Any CPU.ActiveCfg = Debug|Any CPU
		{E461C56D-066F-44CA-8A44-D1D55550C5E5}.Debug|Any CPU.Build.0 = Debug|Any CPU
		{E461C56D-066F-44CA-8A44-D1D55550C5E5}.Release|Any CPU.ActiveCfg = Release|Any CPU
		{E461C56D-066F-44CA-8A44-D1D55550C5E5}.Release|Any CPU.Build.0 = Release|Any CPU
	EndGlobalSection
	GlobalSection(SolutionProperties) = preSolution
		HideSolutionNode = FALSE
	EndGlobalSection
	GlobalSection(ExtensibilityGlobals) = postSolution
		SolutionGuid = {55780F1D-4D94-4B1D-AF6A-AC63D718F121}
	EndGlobalSection
EndGlobal
